// !$*UTF8*$!
{
	archiveVersion = 1;
	classes = {
	};
	objectVersion = 55;
	objects = {

/* Begin PBXBuildFile section */
		0F9A8DA2389D0356E042CCA3 /* Pods_Jobplanet.framework in Frameworks */ = {isa = PBXBuildFile; fileRef = F4E17E6D85AFC9D1D9E07FD4 /* Pods_Jobplanet.framework */; };
		760AFE59297D0F1600C757BD /* CellItemsTransformer.swift in Sources */ = {isa = PBXBuildFile; fileRef = 760AFE58297D0F1600C757BD /* CellItemsTransformer.swift */; };
		760AFE5B297D142900C757BD /* JobplanetCellItemsTransformerTests.swift in Sources */ = {isa = PBXBuildFile; fileRef = 760AFE5A297D142900C757BD /* JobplanetCellItemsTransformerTests.swift */; };
		760AFE5E297D17BF00C757BD /* CellItem.swift in Sources */ = {isa = PBXBuildFile; fileRef = 760AFE5D297D17BF00C757BD /* CellItem.swift */; };
		760AFE60297D17DD00C757BD /* CellType.swift in Sources */ = {isa = PBXBuildFile; fileRef = 760AFE5F297D17DD00C757BD /* CellType.swift */; };
		760AFE62297D19BB00C757BD /* CellItemCompany.swift in Sources */ = {isa = PBXBuildFile; fileRef = 760AFE61297D19BB00C757BD /* CellItemCompany.swift */; };
		760AFE64297D26F800C757BD /* CellItemHorizontalTheme.swift in Sources */ = {isa = PBXBuildFile; fileRef = 760AFE63297D26F800C757BD /* CellItemHorizontalTheme.swift */; };
		760AFE66297D27B800C757BD /* CellItemReview.swift in Sources */ = {isa = PBXBuildFile; fileRef = 760AFE65297D27B800C757BD /* CellItemReview.swift */; };
		760AFE68297D2C5900C757BD /* TypeAlias.swift in Sources */ = {isa = PBXBuildFile; fileRef = 760AFE67297D2C5900C757BD /* TypeAlias.swift */; };
		7616148A297A4E72008CAE86 /* AppDelegate.swift in Sources */ = {isa = PBXBuildFile; fileRef = 76161489297A4E72008CAE86 /* AppDelegate.swift */; };
		7616148C297A4E72008CAE86 /* SceneDelegate.swift in Sources */ = {isa = PBXBuildFile; fileRef = 7616148B297A4E72008CAE86 /* SceneDelegate.swift */; };
		7616148E297A4E72008CAE86 /* HomeViewController.swift in Sources */ = {isa = PBXBuildFile; fileRef = 7616148D297A4E72008CAE86 /* HomeViewController.swift */; };
		76161491297A4E72008CAE86 /* Main.storyboard in Resources */ = {isa = PBXBuildFile; fileRef = 7616148F297A4E72008CAE86 /* Main.storyboard */; };
		76161493297A4E73008CAE86 /* Assets.xcassets in Resources */ = {isa = PBXBuildFile; fileRef = 76161492297A4E73008CAE86 /* Assets.xcassets */; };
		76161496297A4E73008CAE86 /* LaunchScreen.storyboard in Resources */ = {isa = PBXBuildFile; fileRef = 76161494297A4E73008CAE86 /* LaunchScreen.storyboard */; };
		761614A1297A4E73008CAE86 /* JobplanetTests.swift in Sources */ = {isa = PBXBuildFile; fileRef = 761614A0297A4E73008CAE86 /* JobplanetTests.swift */; };
		761614AB297A4E73008CAE86 /* JobplanetUITests.swift in Sources */ = {isa = PBXBuildFile; fileRef = 761614AA297A4E73008CAE86 /* JobplanetUITests.swift */; };
		761614AD297A4E73008CAE86 /* JobplanetUITestsLaunchTests.swift in Sources */ = {isa = PBXBuildFile; fileRef = 761614AC297A4E73008CAE86 /* JobplanetUITestsLaunchTests.swift */; };
		761614BB297A5CE3008CAE86 /* NetworkService.swift in Sources */ = {isa = PBXBuildFile; fileRef = 761614BA297A5CE3008CAE86 /* NetworkService.swift */; };
		761614BD297A5DAF008CAE86 /* URLSessionStub.swift in Sources */ = {isa = PBXBuildFile; fileRef = 761614BC297A5DAF008CAE86 /* URLSessionStub.swift */; };
		761614BF297A5DC3008CAE86 /* URLSessionProtocol.swift in Sources */ = {isa = PBXBuildFile; fileRef = 761614BE297A5DC3008CAE86 /* URLSessionProtocol.swift */; };
		761614C1297A5DDC008CAE86 /* URLSessionDataTaskProtocol.swift in Sources */ = {isa = PBXBuildFile; fileRef = 761614C0297A5DDC008CAE86 /* URLSessionDataTaskProtocol.swift */; };
		761614C4297A6119008CAE86 /* List.swift in Sources */ = {isa = PBXBuildFile; fileRef = 761614C3297A6119008CAE86 /* List.swift */; };
		761614C6297A6314008CAE86 /* APIServiceError.swift in Sources */ = {isa = PBXBuildFile; fileRef = 761614C5297A6314008CAE86 /* APIServiceError.swift */; };
		761614C9297A6898008CAE86 /* JobplanetSlowTests.swift in Sources */ = {isa = PBXBuildFile; fileRef = 761614C8297A6898008CAE86 /* JobplanetSlowTests.swift */; };
		761614CC297A73AA008CAE86 /* MockData1_recruit.json in Resources */ = {isa = PBXBuildFile; fileRef = 761614CB297A73AA008CAE86 /* MockData1_recruit.json */; };
		761614CE297A73E0008CAE86 /* MockData1_cell.json in Resources */ = {isa = PBXBuildFile; fileRef = 761614CD297A73E0008CAE86 /* MockData1_cell.json */; };
		761614D0297A750C008CAE86 /* JobplanetFakeTests.swift in Sources */ = {isa = PBXBuildFile; fileRef = 761614CF297A750C008CAE86 /* JobplanetFakeTests.swift */; };
		761614D3297A7D24008CAE86 /* RecruitItem.swift in Sources */ = {isa = PBXBuildFile; fileRef = 761614D2297A7D24008CAE86 /* RecruitItem.swift */; };
		761614D5297A7D9E008CAE86 /* RecruitItems.swift in Sources */ = {isa = PBXBuildFile; fileRef = 761614D4297A7D9E008CAE86 /* RecruitItems.swift */; };
		761614DB297A8988008CAE86 /* Company.swift in Sources */ = {isa = PBXBuildFile; fileRef = 761614DA297A8988008CAE86 /* Company.swift */; };
		761614DD297A89B0008CAE86 /* Rating.swift in Sources */ = {isa = PBXBuildFile; fileRef = 761614DC297A89B0008CAE86 /* Rating.swift */; };
		761614E7297AD6C4008CAE86 /* RecruitCollectionViewCell.swift in Sources */ = {isa = PBXBuildFile; fileRef = 761614E5297AD6C4008CAE86 /* RecruitCollectionViewCell.swift */; };
		761614E8297AD6C4008CAE86 /* RecruitCollectionViewCell.xib in Resources */ = {isa = PBXBuildFile; fileRef = 761614E6297AD6C4008CAE86 /* RecruitCollectionViewCell.xib */; };
		761F59B3297AE3B3005BE36B /* UIView+Extensions.swift in Sources */ = {isa = PBXBuildFile; fileRef = 761F59B2297AE3B3005BE36B /* UIView+Extensions.swift */; };
		761F59B5297AE40D005BE36B /* UIViewController+Extensions.swift in Sources */ = {isa = PBXBuildFile; fileRef = 761F59B4297AE40D005BE36B /* UIViewController+Extensions.swift */; };
		761F59B8297AE84E005BE36B /* AppealsView.xib in Resources */ = {isa = PBXBuildFile; fileRef = 761F59B7297AE84E005BE36B /* AppealsView.xib */; };
		761F59BA297AE866005BE36B /* AppealsView.swift in Sources */ = {isa = PBXBuildFile; fileRef = 761F59B9297AE866005BE36B /* AppealsView.swift */; };
		761F59BE297BBDC7005BE36B /* UIColor+Extensions.swift in Sources */ = {isa = PBXBuildFile; fileRef = 761F59BD297BBDC7005BE36B /* UIColor+Extensions.swift */; };
		761F59C0297BC1C0005BE36B /* PaddingLabel.swift in Sources */ = {isa = PBXBuildFile; fileRef = 761F59BF297BC1C0005BE36B /* PaddingLabel.swift */; };
		761F59C2297BC93F005BE36B /* UILabel+Extensions.swift in Sources */ = {isa = PBXBuildFile; fileRef = 761F59C1297BC93F005BE36B /* UILabel+Extensions.swift */; };
		761F59C5297BCC03005BE36B /* CompanyCollectionViewCell.swift in Sources */ = {isa = PBXBuildFile; fileRef = 761F59C3297BCC03005BE36B /* CompanyCollectionViewCell.swift */; };
		761F59C6297BCC03005BE36B /* CompanyCollectionViewCell.xib in Resources */ = {isa = PBXBuildFile; fileRef = 761F59C4297BCC03005BE36B /* CompanyCollectionViewCell.xib */; };
		7620CD6D297EBFC8000B1C69 /* HomeViewController+UISearchBarDelegate.swift in Sources */ = {isa = PBXBuildFile; fileRef = 7620CD6C297EBFC8000B1C69 /* HomeViewController+UISearchBarDelegate.swift */; };
		7638286F297BEC5F00C42FAC /* RecruitCompanyButtonsCollectionReusableView.swift in Sources */ = {isa = PBXBuildFile; fileRef = 7638286D297BEC5F00C42FAC /* RecruitCompanyButtonsCollectionReusableView.swift */; };
		76382870297BEC5F00C42FAC /* RecruitCompanyButtonsCollectionReusableView.xib in Resources */ = {isa = PBXBuildFile; fileRef = 7638286E297BEC5F00C42FAC /* RecruitCompanyButtonsCollectionReusableView.xib */; };
		76382873297C0DD000C42FAC /* HorizontalThemeCollectionViewCell.swift in Sources */ = {isa = PBXBuildFile; fileRef = 76382871297C0DD000C42FAC /* HorizontalThemeCollectionViewCell.swift */; };
		76382874297C0DD000C42FAC /* HorizontalThemeCollectionViewCell.xib in Resources */ = {isa = PBXBuildFile; fileRef = 76382872297C0DD000C42FAC /* HorizontalThemeCollectionViewCell.xib */; };
		76465BB8297D504000415BAF /* Decodable+Extensions.swift in Sources */ = {isa = PBXBuildFile; fileRef = 76465BB7297D504000415BAF /* Decodable+Extensions.swift */; };
		76465BBA297D510C00415BAF /* MockData1_cell_JSONObjects.swift in Sources */ = {isa = PBXBuildFile; fileRef = 76465BB9297D510C00415BAF /* MockData1_cell_JSONObjects.swift */; };
		7652745A297FA20E00D3CEA8 /* RecruitDetailViewController.swift in Sources */ = {isa = PBXBuildFile; fileRef = 76527459297FA20E00D3CEA8 /* RecruitDetailViewController.swift */; };
		76B6168A297D86BA00925D73 /* HomeViewController+UICollectionView.swift in Sources */ = {isa = PBXBuildFile; fileRef = 76B61689297D86BA00925D73 /* HomeViewController+UICollectionView.swift */; };
		76B6168C297E2E0A00925D73 /* IdentifiableImageView.swift in Sources */ = {isa = PBXBuildFile; fileRef = 76B6168B297E2E0A00925D73 /* IdentifiableImageView.swift */; };
		76B6168E297E397A00925D73 /* Error+Extensions.swift in Sources */ = {isa = PBXBuildFile; fileRef = 76B6168D297E397A00925D73 /* Error+Extensions.swift */; };
		76B61690297E400400925D73 /* CellImageDownloadCancelling.swift in Sources */ = {isa = PBXBuildFile; fileRef = 76B6168F297E400400925D73 /* CellImageDownloadCancelling.swift */; };
		76E2D893297C10230033F5D1 /* HorizontalThemeCollectionView+Extension.swift in Sources */ = {isa = PBXBuildFile; fileRef = 76E2D892297C10230033F5D1 /* HorizontalThemeCollectionView+Extension.swift */; };
		76E2D8D2297C2E200033F5D1 /* HomeViewModel.swift in Sources */ = {isa = PBXBuildFile; fileRef = 76E2D8D1297C2E200033F5D1 /* HomeViewModel.swift */; };
		76E2D8D4297C3B440033F5D1 /* Int+Extensions.swift in Sources */ = {isa = PBXBuildFile; fileRef = 76E2D8D3297C3B440033F5D1 /* Int+Extensions.swift */; };
		96086958B301B3A0347DDA81 /* Pods_JobplanetTests.framework in Frameworks */ = {isa = PBXBuildFile; fileRef = 5FE88546DFA4195B46D47CD4 /* Pods_JobplanetTests.framework */; };
		B6B8FC47A279E9CFE9802A77 /* Pods_Jobplanet_JobplanetUITests.framework in Frameworks */ = {isa = PBXBuildFile; fileRef = CC80A4630CE217A9926DB8DD /* Pods_Jobplanet_JobplanetUITests.framework */; };
/* End PBXBuildFile section */

/* Begin PBXContainerItemProxy section */
		7616149D297A4E73008CAE86 /* PBXContainerItemProxy */ = {
			isa = PBXContainerItemProxy;
			containerPortal = 7616147E297A4E72008CAE86 /* Project object */;
			proxyType = 1;
			remoteGlobalIDString = 76161485297A4E72008CAE86;
			remoteInfo = Jobplanet;
		};
		761614A7297A4E73008CAE86 /* PBXContainerItemProxy */ = {
			isa = PBXContainerItemProxy;
			containerPortal = 7616147E297A4E72008CAE86 /* Project object */;
			proxyType = 1;
			remoteGlobalIDString = 76161485297A4E72008CAE86;
			remoteInfo = Jobplanet;
		};
/* End PBXContainerItemProxy section */

/* Begin PBXFileReference section */
		06B82D7299E644FA9174AF5C /* Pods-Jobplanet-JobplanetUITests.release.xcconfig */ = {isa = PBXFileReference; includeInIndex = 1; lastKnownFileType = text.xcconfig; name = "Pods-Jobplanet-JobplanetUITests.release.xcconfig"; path = "Target Support Files/Pods-Jobplanet-JobplanetUITests/Pods-Jobplanet-JobplanetUITests.release.xcconfig"; sourceTree = "<group>"; };
		45A15F56C44A3537D3A38677 /* Pods-JobplanetTests.debug.xcconfig */ = {isa = PBXFileReference; includeInIndex = 1; lastKnownFileType = text.xcconfig; name = "Pods-JobplanetTests.debug.xcconfig"; path = "Target Support Files/Pods-JobplanetTests/Pods-JobplanetTests.debug.xcconfig"; sourceTree = "<group>"; };
		5FE88546DFA4195B46D47CD4 /* Pods_JobplanetTests.framework */ = {isa = PBXFileReference; explicitFileType = wrapper.framework; includeInIndex = 0; path = Pods_JobplanetTests.framework; sourceTree = BUILT_PRODUCTS_DIR; };
		64F0CBB659D5E992379656AA /* Pods-Jobplanet.debug.xcconfig */ = {isa = PBXFileReference; includeInIndex = 1; lastKnownFileType = text.xcconfig; name = "Pods-Jobplanet.debug.xcconfig"; path = "Target Support Files/Pods-Jobplanet/Pods-Jobplanet.debug.xcconfig"; sourceTree = "<group>"; };
		7133DD6E064764BBD34D7366 /* Pods-JobplanetTests.release.xcconfig */ = {isa = PBXFileReference; includeInIndex = 1; lastKnownFileType = text.xcconfig; name = "Pods-JobplanetTests.release.xcconfig"; path = "Target Support Files/Pods-JobplanetTests/Pods-JobplanetTests.release.xcconfig"; sourceTree = "<group>"; };
		760AFE58297D0F1600C757BD /* CellItemsTransformer.swift */ = {isa = PBXFileReference; lastKnownFileType = sourcecode.swift; path = CellItemsTransformer.swift; sourceTree = "<group>"; };
		760AFE5A297D142900C757BD /* JobplanetCellItemsTransformerTests.swift */ = {isa = PBXFileReference; lastKnownFileType = sourcecode.swift; path = JobplanetCellItemsTransformerTests.swift; sourceTree = "<group>"; };
		760AFE5D297D17BF00C757BD /* CellItem.swift */ = {isa = PBXFileReference; lastKnownFileType = sourcecode.swift; path = CellItem.swift; sourceTree = "<group>"; };
		760AFE5F297D17DD00C757BD /* CellType.swift */ = {isa = PBXFileReference; lastKnownFileType = sourcecode.swift; path = CellType.swift; sourceTree = "<group>"; };
		760AFE61297D19BB00C757BD /* CellItemCompany.swift */ = {isa = PBXFileReference; lastKnownFileType = sourcecode.swift; path = CellItemCompany.swift; sourceTree = "<group>"; };
		760AFE63297D26F800C757BD /* CellItemHorizontalTheme.swift */ = {isa = PBXFileReference; lastKnownFileType = sourcecode.swift; path = CellItemHorizontalTheme.swift; sourceTree = "<group>"; };
		760AFE65297D27B800C757BD /* CellItemReview.swift */ = {isa = PBXFileReference; lastKnownFileType = sourcecode.swift; path = CellItemReview.swift; sourceTree = "<group>"; };
		760AFE67297D2C5900C757BD /* TypeAlias.swift */ = {isa = PBXFileReference; lastKnownFileType = sourcecode.swift; path = TypeAlias.swift; sourceTree = "<group>"; };
		76161486297A4E72008CAE86 /* Jobplanet.app */ = {isa = PBXFileReference; explicitFileType = wrapper.application; includeInIndex = 0; path = Jobplanet.app; sourceTree = BUILT_PRODUCTS_DIR; };
		76161489297A4E72008CAE86 /* AppDelegate.swift */ = {isa = PBXFileReference; lastKnownFileType = sourcecode.swift; path = AppDelegate.swift; sourceTree = "<group>"; };
		7616148B297A4E72008CAE86 /* SceneDelegate.swift */ = {isa = PBXFileReference; lastKnownFileType = sourcecode.swift; path = SceneDelegate.swift; sourceTree = "<group>"; };
		7616148D297A4E72008CAE86 /* HomeViewController.swift */ = {isa = PBXFileReference; lastKnownFileType = sourcecode.swift; path = HomeViewController.swift; sourceTree = "<group>"; };
		76161490297A4E72008CAE86 /* Base */ = {isa = PBXFileReference; lastKnownFileType = file.storyboard; name = Base; path = Base.lproj/Main.storyboard; sourceTree = "<group>"; };
		76161492297A4E73008CAE86 /* Assets.xcassets */ = {isa = PBXFileReference; lastKnownFileType = folder.assetcatalog; path = Assets.xcassets; sourceTree = "<group>"; };
		76161495297A4E73008CAE86 /* Base */ = {isa = PBXFileReference; lastKnownFileType = file.storyboard; name = Base; path = Base.lproj/LaunchScreen.storyboard; sourceTree = "<group>"; };
		76161497297A4E73008CAE86 /* Info.plist */ = {isa = PBXFileReference; lastKnownFileType = text.plist.xml; path = Info.plist; sourceTree = "<group>"; };
		7616149C297A4E73008CAE86 /* JobplanetTests.xctest */ = {isa = PBXFileReference; explicitFileType = wrapper.cfbundle; includeInIndex = 0; path = JobplanetTests.xctest; sourceTree = BUILT_PRODUCTS_DIR; };
		761614A0297A4E73008CAE86 /* JobplanetTests.swift */ = {isa = PBXFileReference; lastKnownFileType = sourcecode.swift; path = JobplanetTests.swift; sourceTree = "<group>"; };
		761614A6297A4E73008CAE86 /* JobplanetUITests.xctest */ = {isa = PBXFileReference; explicitFileType = wrapper.cfbundle; includeInIndex = 0; path = JobplanetUITests.xctest; sourceTree = BUILT_PRODUCTS_DIR; };
		761614AA297A4E73008CAE86 /* JobplanetUITests.swift */ = {isa = PBXFileReference; lastKnownFileType = sourcecode.swift; path = JobplanetUITests.swift; sourceTree = "<group>"; };
		761614AC297A4E73008CAE86 /* JobplanetUITestsLaunchTests.swift */ = {isa = PBXFileReference; lastKnownFileType = sourcecode.swift; path = JobplanetUITestsLaunchTests.swift; sourceTree = "<group>"; };
		761614BA297A5CE3008CAE86 /* NetworkService.swift */ = {isa = PBXFileReference; lastKnownFileType = sourcecode.swift; path = NetworkService.swift; sourceTree = "<group>"; };
		761614BC297A5DAF008CAE86 /* URLSessionStub.swift */ = {isa = PBXFileReference; lastKnownFileType = sourcecode.swift; path = URLSessionStub.swift; sourceTree = "<group>"; };
		761614BE297A5DC3008CAE86 /* URLSessionProtocol.swift */ = {isa = PBXFileReference; lastKnownFileType = sourcecode.swift; path = URLSessionProtocol.swift; sourceTree = "<group>"; };
		761614C0297A5DDC008CAE86 /* URLSessionDataTaskProtocol.swift */ = {isa = PBXFileReference; lastKnownFileType = sourcecode.swift; path = URLSessionDataTaskProtocol.swift; sourceTree = "<group>"; };
		761614C3297A6119008CAE86 /* List.swift */ = {isa = PBXFileReference; lastKnownFileType = sourcecode.swift; path = List.swift; sourceTree = "<group>"; };
		761614C5297A6314008CAE86 /* APIServiceError.swift */ = {isa = PBXFileReference; lastKnownFileType = sourcecode.swift; path = APIServiceError.swift; sourceTree = "<group>"; };
		761614C8297A6898008CAE86 /* JobplanetSlowTests.swift */ = {isa = PBXFileReference; lastKnownFileType = sourcecode.swift; path = JobplanetSlowTests.swift; sourceTree = "<group>"; };
		761614CB297A73AA008CAE86 /* MockData1_recruit.json */ = {isa = PBXFileReference; lastKnownFileType = text.json; path = MockData1_recruit.json; sourceTree = "<group>"; };
		761614CD297A73E0008CAE86 /* MockData1_cell.json */ = {isa = PBXFileReference; lastKnownFileType = text.json; path = MockData1_cell.json; sourceTree = "<group>"; };
		761614CF297A750C008CAE86 /* JobplanetFakeTests.swift */ = {isa = PBXFileReference; lastKnownFileType = sourcecode.swift; path = JobplanetFakeTests.swift; sourceTree = "<group>"; };
		761614D2297A7D24008CAE86 /* RecruitItem.swift */ = {isa = PBXFileReference; lastKnownFileType = sourcecode.swift; path = RecruitItem.swift; sourceTree = "<group>"; };
		761614D4297A7D9E008CAE86 /* RecruitItems.swift */ = {isa = PBXFileReference; lastKnownFileType = sourcecode.swift; path = RecruitItems.swift; sourceTree = "<group>"; };
		761614DA297A8988008CAE86 /* Company.swift */ = {isa = PBXFileReference; lastKnownFileType = sourcecode.swift; path = Company.swift; sourceTree = "<group>"; };
		761614DC297A89B0008CAE86 /* Rating.swift */ = {isa = PBXFileReference; lastKnownFileType = sourcecode.swift; path = Rating.swift; sourceTree = "<group>"; };
		761614E5297AD6C4008CAE86 /* RecruitCollectionViewCell.swift */ = {isa = PBXFileReference; lastKnownFileType = sourcecode.swift; path = RecruitCollectionViewCell.swift; sourceTree = "<group>"; };
		761614E6297AD6C4008CAE86 /* RecruitCollectionViewCell.xib */ = {isa = PBXFileReference; lastKnownFileType = file.xib; path = RecruitCollectionViewCell.xib; sourceTree = "<group>"; };
		761F59B2297AE3B3005BE36B /* UIView+Extensions.swift */ = {isa = PBXFileReference; lastKnownFileType = sourcecode.swift; path = "UIView+Extensions.swift"; sourceTree = "<group>"; };
		761F59B4297AE40D005BE36B /* UIViewController+Extensions.swift */ = {isa = PBXFileReference; lastKnownFileType = sourcecode.swift; path = "UIViewController+Extensions.swift"; sourceTree = "<group>"; };
		761F59B7297AE84E005BE36B /* AppealsView.xib */ = {isa = PBXFileReference; lastKnownFileType = file.xib; path = AppealsView.xib; sourceTree = "<group>"; };
		761F59B9297AE866005BE36B /* AppealsView.swift */ = {isa = PBXFileReference; lastKnownFileType = sourcecode.swift; path = AppealsView.swift; sourceTree = "<group>"; };
		761F59BD297BBDC7005BE36B /* UIColor+Extensions.swift */ = {isa = PBXFileReference; lastKnownFileType = sourcecode.swift; path = "UIColor+Extensions.swift"; sourceTree = "<group>"; };
		761F59BF297BC1C0005BE36B /* PaddingLabel.swift */ = {isa = PBXFileReference; lastKnownFileType = sourcecode.swift; path = PaddingLabel.swift; sourceTree = "<group>"; };
		761F59C1297BC93F005BE36B /* UILabel+Extensions.swift */ = {isa = PBXFileReference; lastKnownFileType = sourcecode.swift; path = "UILabel+Extensions.swift"; sourceTree = "<group>"; };
		761F59C3297BCC03005BE36B /* CompanyCollectionViewCell.swift */ = {isa = PBXFileReference; lastKnownFileType = sourcecode.swift; path = CompanyCollectionViewCell.swift; sourceTree = "<group>"; };
		761F59C4297BCC03005BE36B /* CompanyCollectionViewCell.xib */ = {isa = PBXFileReference; lastKnownFileType = file.xib; path = CompanyCollectionViewCell.xib; sourceTree = "<group>"; };
		7620CD6C297EBFC8000B1C69 /* HomeViewController+UISearchBarDelegate.swift */ = {isa = PBXFileReference; lastKnownFileType = sourcecode.swift; path = "HomeViewController+UISearchBarDelegate.swift"; sourceTree = "<group>"; };
		7638286D297BEC5F00C42FAC /* RecruitCompanyButtonsCollectionReusableView.swift */ = {isa = PBXFileReference; lastKnownFileType = sourcecode.swift; path = RecruitCompanyButtonsCollectionReusableView.swift; sourceTree = "<group>"; };
		7638286E297BEC5F00C42FAC /* RecruitCompanyButtonsCollectionReusableView.xib */ = {isa = PBXFileReference; lastKnownFileType = file.xib; path = RecruitCompanyButtonsCollectionReusableView.xib; sourceTree = "<group>"; };
		76382871297C0DD000C42FAC /* HorizontalThemeCollectionViewCell.swift */ = {isa = PBXFileReference; lastKnownFileType = sourcecode.swift; path = HorizontalThemeCollectionViewCell.swift; sourceTree = "<group>"; };
		76382872297C0DD000C42FAC /* HorizontalThemeCollectionViewCell.xib */ = {isa = PBXFileReference; lastKnownFileType = file.xib; path = HorizontalThemeCollectionViewCell.xib; sourceTree = "<group>"; };
		76465BB7297D504000415BAF /* Decodable+Extensions.swift */ = {isa = PBXFileReference; lastKnownFileType = sourcecode.swift; path = "Decodable+Extensions.swift"; sourceTree = "<group>"; };
		76465BB9297D510C00415BAF /* MockData1_cell_JSONObjects.swift */ = {isa = PBXFileReference; lastKnownFileType = sourcecode.swift; path = MockData1_cell_JSONObjects.swift; sourceTree = "<group>"; };
		76527459297FA20E00D3CEA8 /* RecruitDetailViewController.swift */ = {isa = PBXFileReference; lastKnownFileType = sourcecode.swift; path = RecruitDetailViewController.swift; sourceTree = "<group>"; };
		76B61689297D86BA00925D73 /* HomeViewController+UICollectionView.swift */ = {isa = PBXFileReference; lastKnownFileType = sourcecode.swift; path = "HomeViewController+UICollectionView.swift"; sourceTree = "<group>"; };
		76B6168B297E2E0A00925D73 /* IdentifiableImageView.swift */ = {isa = PBXFileReference; lastKnownFileType = sourcecode.swift; path = IdentifiableImageView.swift; sourceTree = "<group>"; };
		76B6168D297E397A00925D73 /* Error+Extensions.swift */ = {isa = PBXFileReference; lastKnownFileType = sourcecode.swift; path = "Error+Extensions.swift"; sourceTree = "<group>"; };
		76B6168F297E400400925D73 /* CellImageDownloadCancelling.swift */ = {isa = PBXFileReference; lastKnownFileType = sourcecode.swift; path = CellImageDownloadCancelling.swift; sourceTree = "<group>"; };
		76E2D892297C10230033F5D1 /* HorizontalThemeCollectionView+Extension.swift */ = {isa = PBXFileReference; lastKnownFileType = sourcecode.swift; path = "HorizontalThemeCollectionView+Extension.swift"; sourceTree = "<group>"; };
		76E2D8D1297C2E200033F5D1 /* HomeViewModel.swift */ = {isa = PBXFileReference; lastKnownFileType = sourcecode.swift; path = HomeViewModel.swift; sourceTree = "<group>"; };
		76E2D8D3297C3B440033F5D1 /* Int+Extensions.swift */ = {isa = PBXFileReference; lastKnownFileType = sourcecode.swift; path = "Int+Extensions.swift"; sourceTree = "<group>"; };
		A51037131678DCEBA6B83339 /* Pods-Jobplanet-JobplanetUITests.debug.xcconfig */ = {isa = PBXFileReference; includeInIndex = 1; lastKnownFileType = text.xcconfig; name = "Pods-Jobplanet-JobplanetUITests.debug.xcconfig"; path = "Target Support Files/Pods-Jobplanet-JobplanetUITests/Pods-Jobplanet-JobplanetUITests.debug.xcconfig"; sourceTree = "<group>"; };
		CC80A4630CE217A9926DB8DD /* Pods_Jobplanet_JobplanetUITests.framework */ = {isa = PBXFileReference; explicitFileType = wrapper.framework; includeInIndex = 0; path = Pods_Jobplanet_JobplanetUITests.framework; sourceTree = BUILT_PRODUCTS_DIR; };
		D6900E05B36EE79C29C3AE74 /* Pods-Jobplanet.release.xcconfig */ = {isa = PBXFileReference; includeInIndex = 1; lastKnownFileType = text.xcconfig; name = "Pods-Jobplanet.release.xcconfig"; path = "Target Support Files/Pods-Jobplanet/Pods-Jobplanet.release.xcconfig"; sourceTree = "<group>"; };
		F4E17E6D85AFC9D1D9E07FD4 /* Pods_Jobplanet.framework */ = {isa = PBXFileReference; explicitFileType = wrapper.framework; includeInIndex = 0; path = Pods_Jobplanet.framework; sourceTree = BUILT_PRODUCTS_DIR; };
/* End PBXFileReference section */

/* Begin PBXFrameworksBuildPhase section */
		76161483297A4E72008CAE86 /* Frameworks */ = {
			isa = PBXFrameworksBuildPhase;
			buildActionMask = 2147483647;
			files = (
				0F9A8DA2389D0356E042CCA3 /* Pods_Jobplanet.framework in Frameworks */,
			);
			runOnlyForDeploymentPostprocessing = 0;
		};
		76161499297A4E73008CAE86 /* Frameworks */ = {
			isa = PBXFrameworksBuildPhase;
			buildActionMask = 2147483647;
			files = (
				96086958B301B3A0347DDA81 /* Pods_JobplanetTests.framework in Frameworks */,
			);
			runOnlyForDeploymentPostprocessing = 0;
		};
		761614A3297A4E73008CAE86 /* Frameworks */ = {
			isa = PBXFrameworksBuildPhase;
			buildActionMask = 2147483647;
			files = (
				B6B8FC47A279E9CFE9802A77 /* Pods_Jobplanet_JobplanetUITests.framework in Frameworks */,
			);
			runOnlyForDeploymentPostprocessing = 0;
		};
/* End PBXFrameworksBuildPhase section */

/* Begin PBXGroup section */
		68C0E239F7EE10EF49B9C8E0 /* Frameworks */ = {
			isa = PBXGroup;
			children = (
				F4E17E6D85AFC9D1D9E07FD4 /* Pods_Jobplanet.framework */,
				CC80A4630CE217A9926DB8DD /* Pods_Jobplanet_JobplanetUITests.framework */,
				5FE88546DFA4195B46D47CD4 /* Pods_JobplanetTests.framework */,
			);
			name = Frameworks;
			sourceTree = "<group>";
		};
		760AFE57297D0EF100C757BD /* Helper */ = {
			isa = PBXGroup;
			children = (
				760AFE58297D0F1600C757BD /* CellItemsTransformer.swift */,
				760AFE67297D2C5900C757BD /* TypeAlias.swift */,
			);
			path = Helper;
			sourceTree = "<group>";
		};
		760AFE5C297D17A300C757BD /* Protocol */ = {
			isa = PBXGroup;
			children = (
				760AFE5D297D17BF00C757BD /* CellItem.swift */,
				76B6168F297E400400925D73 /* CellImageDownloadCancelling.swift */,
			);
			path = Protocol;
			sourceTree = "<group>";
		};
		7616147D297A4E72008CAE86 = {
			isa = PBXGroup;
			children = (
				76161488297A4E72008CAE86 /* Jobplanet */,
				7616149F297A4E73008CAE86 /* JobplanetTests */,
				761614C7297A6865008CAE86 /* JobplanetSlowTests */,
				761614A9297A4E73008CAE86 /* JobplanetUITests */,
				76161487297A4E72008CAE86 /* Products */,
				BEEE9C05DC3FB0FDB237B2C0 /* Pods */,
				68C0E239F7EE10EF49B9C8E0 /* Frameworks */,
			);
			sourceTree = "<group>";
		};
		76161487297A4E72008CAE86 /* Products */ = {
			isa = PBXGroup;
			children = (
				76161486297A4E72008CAE86 /* Jobplanet.app */,
				7616149C297A4E73008CAE86 /* JobplanetTests.xctest */,
				761614A6297A4E73008CAE86 /* JobplanetUITests.xctest */,
			);
			name = Products;
			sourceTree = "<group>";
		};
		76161488297A4E72008CAE86 /* Jobplanet */ = {
			isa = PBXGroup;
			children = (
				761614C2297A610B008CAE86 /* Enums */,
				761F59B1297AE38E005BE36B /* Extensions */,
				760AFE57297D0EF100C757BD /* Helper */,
				761614D1297A75A7008CAE86 /* Model */,
				761614B9297A5CCA008CAE86 /* Network */,
				760AFE5C297D17A300C757BD /* Protocol */,
				76821D7D297BEBF4006DA512 /* UICollectionReusableView */,
				761614E4297AD689008CAE86 /* UICollectionViewCell */,
				761F59B6297AE840005BE36B /* UIView */,
				76B61688297D867800925D73 /* ViewController */,
				76E2D8D0297C2E060033F5D1 /* ViewModel */,
				761F59BF297BC1C0005BE36B /* PaddingLabel.swift */,
				76161489297A4E72008CAE86 /* AppDelegate.swift */,
				7616148B297A4E72008CAE86 /* SceneDelegate.swift */,
				7616148F297A4E72008CAE86 /* Main.storyboard */,
				76161492297A4E73008CAE86 /* Assets.xcassets */,
				76161494297A4E73008CAE86 /* LaunchScreen.storyboard */,
				76161497297A4E73008CAE86 /* Info.plist */,
			);
			path = Jobplanet;
			sourceTree = "<group>";
		};
		7616149F297A4E73008CAE86 /* JobplanetTests */ = {
			isa = PBXGroup;
			children = (
				761614CA297A738E008CAE86 /* Data */,
				761614A0297A4E73008CAE86 /* JobplanetTests.swift */,
				760AFE5A297D142900C757BD /* JobplanetCellItemsTransformerTests.swift */,
				761614CF297A750C008CAE86 /* JobplanetFakeTests.swift */,
			);
			path = JobplanetTests;
			sourceTree = "<group>";
		};
		761614A9297A4E73008CAE86 /* JobplanetUITests */ = {
			isa = PBXGroup;
			children = (
				761614AA297A4E73008CAE86 /* JobplanetUITests.swift */,
				761614AC297A4E73008CAE86 /* JobplanetUITestsLaunchTests.swift */,
			);
			path = JobplanetUITests;
			sourceTree = "<group>";
		};
		761614B9297A5CCA008CAE86 /* Network */ = {
			isa = PBXGroup;
			children = (
				761614C5297A6314008CAE86 /* APIServiceError.swift */,
				761614BA297A5CE3008CAE86 /* NetworkService.swift */,
				761614C0297A5DDC008CAE86 /* URLSessionDataTaskProtocol.swift */,
				761614BE297A5DC3008CAE86 /* URLSessionProtocol.swift */,
				761614BC297A5DAF008CAE86 /* URLSessionStub.swift */,
			);
			path = Network;
			sourceTree = "<group>";
		};
		761614C2297A610B008CAE86 /* Enums */ = {
			isa = PBXGroup;
			children = (
				760AFE5F297D17DD00C757BD /* CellType.swift */,
				761614C3297A6119008CAE86 /* List.swift */,
			);
			path = Enums;
			sourceTree = "<group>";
		};
		761614C7297A6865008CAE86 /* JobplanetSlowTests */ = {
			isa = PBXGroup;
			children = (
				761614C8297A6898008CAE86 /* JobplanetSlowTests.swift */,
			);
			path = JobplanetSlowTests;
			sourceTree = "<group>";
		};
		761614CA297A738E008CAE86 /* Data */ = {
			isa = PBXGroup;
			children = (
				761614CB297A73AA008CAE86 /* MockData1_recruit.json */,
				761614CD297A73E0008CAE86 /* MockData1_cell.json */,
				76465BB9297D510C00415BAF /* MockData1_cell_JSONObjects.swift */,
			);
			path = Data;
			sourceTree = "<group>";
		};
		761614D1297A75A7008CAE86 /* Model */ = {
			isa = PBXGroup;
			children = (
				761614DA297A8988008CAE86 /* Company.swift */,
				761614DC297A89B0008CAE86 /* Rating.swift */,
				761614D2297A7D24008CAE86 /* RecruitItem.swift */,
				761614D4297A7D9E008CAE86 /* RecruitItems.swift */,
				760AFE61297D19BB00C757BD /* CellItemCompany.swift */,
				760AFE63297D26F800C757BD /* CellItemHorizontalTheme.swift */,
				760AFE65297D27B800C757BD /* CellItemReview.swift */,
			);
			path = Model;
			sourceTree = "<group>";
		};
		761614E4297AD689008CAE86 /* UICollectionViewCell */ = {
			isa = PBXGroup;
			children = (
				761614E5297AD6C4008CAE86 /* RecruitCollectionViewCell.swift */,
				761614E6297AD6C4008CAE86 /* RecruitCollectionViewCell.xib */,
				761F59C3297BCC03005BE36B /* CompanyCollectionViewCell.swift */,
				761F59C4297BCC03005BE36B /* CompanyCollectionViewCell.xib */,
				76382871297C0DD000C42FAC /* HorizontalThemeCollectionViewCell.swift */,
				76E2D892297C10230033F5D1 /* HorizontalThemeCollectionView+Extension.swift */,
				76382872297C0DD000C42FAC /* HorizontalThemeCollectionViewCell.xib */,
			);
			path = UICollectionViewCell;
			sourceTree = "<group>";
		};
		761F59B1297AE38E005BE36B /* Extensions */ = {
			isa = PBXGroup;
			children = (
				76465BB7297D504000415BAF /* Decodable+Extensions.swift */,
				76B6168D297E397A00925D73 /* Error+Extensions.swift */,
				76E2D8D3297C3B440033F5D1 /* Int+Extensions.swift */,
				761F59BD297BBDC7005BE36B /* UIColor+Extensions.swift */,
				761F59C1297BC93F005BE36B /* UILabel+Extensions.swift */,
				761F59B2297AE3B3005BE36B /* UIView+Extensions.swift */,
				761F59B4297AE40D005BE36B /* UIViewController+Extensions.swift */,
			);
			path = Extensions;
			sourceTree = "<group>";
		};
		761F59B6297AE840005BE36B /* UIView */ = {
			isa = PBXGroup;
			children = (
				761F59B9297AE866005BE36B /* AppealsView.swift */,
				761F59B7297AE84E005BE36B /* AppealsView.xib */,
				76B6168B297E2E0A00925D73 /* IdentifiableImageView.swift */,
			);
			path = UIView;
			sourceTree = "<group>";
		};
		76821D7D297BEBF4006DA512 /* UICollectionReusableView */ = {
			isa = PBXGroup;
			children = (
				7638286D297BEC5F00C42FAC /* RecruitCompanyButtonsCollectionReusableView.swift */,
				7638286E297BEC5F00C42FAC /* RecruitCompanyButtonsCollectionReusableView.xib */,
			);
			path = UICollectionReusableView;
			sourceTree = "<group>";
		};
		76B61688297D867800925D73 /* ViewController */ = {
			isa = PBXGroup;
			children = (
				7616148D297A4E72008CAE86 /* HomeViewController.swift */,
				76B61689297D86BA00925D73 /* HomeViewController+UICollectionView.swift */,
				7620CD6C297EBFC8000B1C69 /* HomeViewController+UISearchBarDelegate.swift */,
				76527459297FA20E00D3CEA8 /* RecruitDetailViewController.swift */,
			);
			path = ViewController;
			sourceTree = "<group>";
		};
		76E2D8D0297C2E060033F5D1 /* ViewModel */ = {
			isa = PBXGroup;
			children = (
				76E2D8D1297C2E200033F5D1 /* HomeViewModel.swift */,
			);
			path = ViewModel;
			sourceTree = "<group>";
		};
		BEEE9C05DC3FB0FDB237B2C0 /* Pods */ = {
			isa = PBXGroup;
			children = (
				64F0CBB659D5E992379656AA /* Pods-Jobplanet.debug.xcconfig */,
				D6900E05B36EE79C29C3AE74 /* Pods-Jobplanet.release.xcconfig */,
				A51037131678DCEBA6B83339 /* Pods-Jobplanet-JobplanetUITests.debug.xcconfig */,
				06B82D7299E644FA9174AF5C /* Pods-Jobplanet-JobplanetUITests.release.xcconfig */,
				45A15F56C44A3537D3A38677 /* Pods-JobplanetTests.debug.xcconfig */,
				7133DD6E064764BBD34D7366 /* Pods-JobplanetTests.release.xcconfig */,
			);
			path = Pods;
			sourceTree = "<group>";
		};
/* End PBXGroup section */

/* Begin PBXNativeTarget section */
		76161485297A4E72008CAE86 /* Jobplanet */ = {
			isa = PBXNativeTarget;
			buildConfigurationList = 761614B0297A4E73008CAE86 /* Build configuration list for PBXNativeTarget "Jobplanet" */;
			buildPhases = (
				0BB7791C97A4468946694FE4 /* [CP] Check Pods Manifest.lock */,
				76161482297A4E72008CAE86 /* Sources */,
				76161483297A4E72008CAE86 /* Frameworks */,
				76161484297A4E72008CAE86 /* Resources */,
				755923A121CB64034E8E26E5 /* [CP] Embed Pods Frameworks */,
			);
			buildRules = (
			);
			dependencies = (
			);
			name = Jobplanet;
			productName = Jobplanet;
			productReference = 76161486297A4E72008CAE86 /* Jobplanet.app */;
			productType = "com.apple.product-type.application";
		};
		7616149B297A4E73008CAE86 /* JobplanetTests */ = {
			isa = PBXNativeTarget;
			buildConfigurationList = 761614B3297A4E73008CAE86 /* Build configuration list for PBXNativeTarget "JobplanetTests" */;
			buildPhases = (
				993A5FBCB569DF43B4787AB9 /* [CP] Check Pods Manifest.lock */,
				76161498297A4E73008CAE86 /* Sources */,
				76161499297A4E73008CAE86 /* Frameworks */,
				7616149A297A4E73008CAE86 /* Resources */,
			);
			buildRules = (
			);
			dependencies = (
				7616149E297A4E73008CAE86 /* PBXTargetDependency */,
			);
			name = JobplanetTests;
			productName = JobplanetTests;
			productReference = 7616149C297A4E73008CAE86 /* JobplanetTests.xctest */;
			productType = "com.apple.product-type.bundle.unit-test";
		};
		761614A5297A4E73008CAE86 /* JobplanetUITests */ = {
			isa = PBXNativeTarget;
			buildConfigurationList = 761614B6297A4E73008CAE86 /* Build configuration list for PBXNativeTarget "JobplanetUITests" */;
			buildPhases = (
				1C135CC8A1D0D1571CAC3DE0 /* [CP] Check Pods Manifest.lock */,
				761614A2297A4E73008CAE86 /* Sources */,
				761614A3297A4E73008CAE86 /* Frameworks */,
				761614A4297A4E73008CAE86 /* Resources */,
				F4F008E9BA3A47435C8A4504 /* [CP] Embed Pods Frameworks */,
			);
			buildRules = (
			);
			dependencies = (
				761614A8297A4E73008CAE86 /* PBXTargetDependency */,
			);
			name = JobplanetUITests;
			productName = JobplanetUITests;
			productReference = 761614A6297A4E73008CAE86 /* JobplanetUITests.xctest */;
			productType = "com.apple.product-type.bundle.ui-testing";
		};
/* End PBXNativeTarget section */

/* Begin PBXProject section */
		7616147E297A4E72008CAE86 /* Project object */ = {
			isa = PBXProject;
			attributes = {
				BuildIndependentTargetsInParallel = 1;
				LastSwiftUpdateCheck = 1400;
				LastUpgradeCheck = 1400;
				TargetAttributes = {
					76161485297A4E72008CAE86 = {
						CreatedOnToolsVersion = 14.0;
					};
					7616149B297A4E73008CAE86 = {
						CreatedOnToolsVersion = 14.0;
						TestTargetID = 76161485297A4E72008CAE86;
					};
					761614A5297A4E73008CAE86 = {
						CreatedOnToolsVersion = 14.0;
						TestTargetID = 76161485297A4E72008CAE86;
					};
				};
			};
			buildConfigurationList = 76161481297A4E72008CAE86 /* Build configuration list for PBXProject "Jobplanet" */;
			compatibilityVersion = "Xcode 13.0";
			developmentRegion = en;
			hasScannedForEncodings = 0;
			knownRegions = (
				en,
				Base,
			);
			mainGroup = 7616147D297A4E72008CAE86;
			productRefGroup = 76161487297A4E72008CAE86 /* Products */;
			projectDirPath = "";
			projectRoot = "";
			targets = (
				76161485297A4E72008CAE86 /* Jobplanet */,
				7616149B297A4E73008CAE86 /* JobplanetTests */,
				761614A5297A4E73008CAE86 /* JobplanetUITests */,
			);
		};
/* End PBXProject section */

/* Begin PBXResourcesBuildPhase section */
		76161484297A4E72008CAE86 /* Resources */ = {
			isa = PBXResourcesBuildPhase;
			buildActionMask = 2147483647;
			files = (
				761F59C6297BCC03005BE36B /* CompanyCollectionViewCell.xib in Resources */,
				76161496297A4E73008CAE86 /* LaunchScreen.storyboard in Resources */,
				76382874297C0DD000C42FAC /* HorizontalThemeCollectionViewCell.xib in Resources */,
				761F59B8297AE84E005BE36B /* AppealsView.xib in Resources */,
				76161493297A4E73008CAE86 /* Assets.xcassets in Resources */,
				76161491297A4E72008CAE86 /* Main.storyboard in Resources */,
				76382870297BEC5F00C42FAC /* RecruitCompanyButtonsCollectionReusableView.xib in Resources */,
				761614E8297AD6C4008CAE86 /* RecruitCollectionViewCell.xib in Resources */,
			);
			runOnlyForDeploymentPostprocessing = 0;
		};
		7616149A297A4E73008CAE86 /* Resources */ = {
			isa = PBXResourcesBuildPhase;
			buildActionMask = 2147483647;
			files = (
				761614CC297A73AA008CAE86 /* MockData1_recruit.json in Resources */,
				761614CE297A73E0008CAE86 /* MockData1_cell.json in Resources */,
			);
			runOnlyForDeploymentPostprocessing = 0;
		};
		761614A4297A4E73008CAE86 /* Resources */ = {
			isa = PBXResourcesBuildPhase;
			buildActionMask = 2147483647;
			files = (
			);
			runOnlyForDeploymentPostprocessing = 0;
		};
/* End PBXResourcesBuildPhase section */

/* Begin PBXShellScriptBuildPhase section */
		0BB7791C97A4468946694FE4 /* [CP] Check Pods Manifest.lock */ = {
			isa = PBXShellScriptBuildPhase;
			buildActionMask = 2147483647;
			files = (
			);
			inputFileListPaths = (
			);
			inputPaths = (
				"${PODS_PODFILE_DIR_PATH}/Podfile.lock",
				"${PODS_ROOT}/Manifest.lock",
			);
			name = "[CP] Check Pods Manifest.lock";
			outputFileListPaths = (
			);
			outputPaths = (
				"$(DERIVED_FILE_DIR)/Pods-Jobplanet-checkManifestLockResult.txt",
			);
			runOnlyForDeploymentPostprocessing = 0;
			shellPath = /bin/sh;
			shellScript = "diff \"${PODS_PODFILE_DIR_PATH}/Podfile.lock\" \"${PODS_ROOT}/Manifest.lock\" > /dev/null\nif [ $? != 0 ] ; then\n    # print error to STDERR\n    echo \"error: The sandbox is not in sync with the Podfile.lock. Run 'pod install' or update your CocoaPods installation.\" >&2\n    exit 1\nfi\n# This output is used by Xcode 'outputs' to avoid re-running this script phase.\necho \"SUCCESS\" > \"${SCRIPT_OUTPUT_FILE_0}\"\n";
			showEnvVarsInLog = 0;
		};
		1C135CC8A1D0D1571CAC3DE0 /* [CP] Check Pods Manifest.lock */ = {
			isa = PBXShellScriptBuildPhase;
			buildActionMask = 2147483647;
			files = (
			);
			inputFileListPaths = (
			);
			inputPaths = (
				"${PODS_PODFILE_DIR_PATH}/Podfile.lock",
				"${PODS_ROOT}/Manifest.lock",
			);
			name = "[CP] Check Pods Manifest.lock";
			outputFileListPaths = (
			);
			outputPaths = (
				"$(DERIVED_FILE_DIR)/Pods-Jobplanet-JobplanetUITests-checkManifestLockResult.txt",
			);
			runOnlyForDeploymentPostprocessing = 0;
			shellPath = /bin/sh;
			shellScript = "diff \"${PODS_PODFILE_DIR_PATH}/Podfile.lock\" \"${PODS_ROOT}/Manifest.lock\" > /dev/null\nif [ $? != 0 ] ; then\n    # print error to STDERR\n    echo \"error: The sandbox is not in sync with the Podfile.lock. Run 'pod install' or update your CocoaPods installation.\" >&2\n    exit 1\nfi\n# This output is used by Xcode 'outputs' to avoid re-running this script phase.\necho \"SUCCESS\" > \"${SCRIPT_OUTPUT_FILE_0}\"\n";
			showEnvVarsInLog = 0;
		};
		755923A121CB64034E8E26E5 /* [CP] Embed Pods Frameworks */ = {
			isa = PBXShellScriptBuildPhase;
			buildActionMask = 2147483647;
			files = (
			);
			inputFileListPaths = (
				"${PODS_ROOT}/Target Support Files/Pods-Jobplanet/Pods-Jobplanet-frameworks-${CONFIGURATION}-input-files.xcfilelist",
			);
			name = "[CP] Embed Pods Frameworks";
			outputFileListPaths = (
				"${PODS_ROOT}/Target Support Files/Pods-Jobplanet/Pods-Jobplanet-frameworks-${CONFIGURATION}-output-files.xcfilelist",
			);
			runOnlyForDeploymentPostprocessing = 0;
			shellPath = /bin/sh;
			shellScript = "\"${PODS_ROOT}/Target Support Files/Pods-Jobplanet/Pods-Jobplanet-frameworks.sh\"\n";
			showEnvVarsInLog = 0;
		};
		993A5FBCB569DF43B4787AB9 /* [CP] Check Pods Manifest.lock */ = {
			isa = PBXShellScriptBuildPhase;
			buildActionMask = 2147483647;
			files = (
			);
			inputFileListPaths = (
			);
			inputPaths = (
				"${PODS_PODFILE_DIR_PATH}/Podfile.lock",
				"${PODS_ROOT}/Manifest.lock",
			);
			name = "[CP] Check Pods Manifest.lock";
			outputFileListPaths = (
			);
			outputPaths = (
				"$(DERIVED_FILE_DIR)/Pods-JobplanetTests-checkManifestLockResult.txt",
			);
			runOnlyForDeploymentPostprocessing = 0;
			shellPath = /bin/sh;
			shellScript = "diff \"${PODS_PODFILE_DIR_PATH}/Podfile.lock\" \"${PODS_ROOT}/Manifest.lock\" > /dev/null\nif [ $? != 0 ] ; then\n    # print error to STDERR\n    echo \"error: The sandbox is not in sync with the Podfile.lock. Run 'pod install' or update your CocoaPods installation.\" >&2\n    exit 1\nfi\n# This output is used by Xcode 'outputs' to avoid re-running this script phase.\necho \"SUCCESS\" > \"${SCRIPT_OUTPUT_FILE_0}\"\n";
			showEnvVarsInLog = 0;
		};
		F4F008E9BA3A47435C8A4504 /* [CP] Embed Pods Frameworks */ = {
			isa = PBXShellScriptBuildPhase;
			buildActionMask = 2147483647;
			files = (
			);
			inputFileListPaths = (
				"${PODS_ROOT}/Target Support Files/Pods-Jobplanet-JobplanetUITests/Pods-Jobplanet-JobplanetUITests-frameworks-${CONFIGURATION}-input-files.xcfilelist",
			);
			name = "[CP] Embed Pods Frameworks";
			outputFileListPaths = (
				"${PODS_ROOT}/Target Support Files/Pods-Jobplanet-JobplanetUITests/Pods-Jobplanet-JobplanetUITests-frameworks-${CONFIGURATION}-output-files.xcfilelist",
			);
			runOnlyForDeploymentPostprocessing = 0;
			shellPath = /bin/sh;
			shellScript = "\"${PODS_ROOT}/Target Support Files/Pods-Jobplanet-JobplanetUITests/Pods-Jobplanet-JobplanetUITests-frameworks.sh\"\n";
			showEnvVarsInLog = 0;
		};
/* End PBXShellScriptBuildPhase section */

/* Begin PBXSourcesBuildPhase section */
		76161482297A4E72008CAE86 /* Sources */ = {
			isa = PBXSourcesBuildPhase;
			buildActionMask = 2147483647;
			files = (
				7620CD6D297EBFC8000B1C69 /* HomeViewController+UISearchBarDelegate.swift in Sources */,
				76382873297C0DD000C42FAC /* HorizontalThemeCollectionViewCell.swift in Sources */,
				761614BF297A5DC3008CAE86 /* URLSessionProtocol.swift in Sources */,
				761614D5297A7D9E008CAE86 /* RecruitItems.swift in Sources */,
				7638286F297BEC5F00C42FAC /* RecruitCompanyButtonsCollectionReusableView.swift in Sources */,
				760AFE60297D17DD00C757BD /* CellType.swift in Sources */,
				761F59C2297BC93F005BE36B /* UILabel+Extensions.swift in Sources */,
				761614C4297A6119008CAE86 /* List.swift in Sources */,
				7616148E297A4E72008CAE86 /* HomeViewController.swift in Sources */,
				761F59B5297AE40D005BE36B /* UIViewController+Extensions.swift in Sources */,
				761614BD297A5DAF008CAE86 /* URLSessionStub.swift in Sources */,
				761614C6297A6314008CAE86 /* APIServiceError.swift in Sources */,
				7652745A297FA20E00D3CEA8 /* RecruitDetailViewController.swift in Sources */,
				76E2D8D2297C2E200033F5D1 /* HomeViewModel.swift in Sources */,
				76E2D893297C10230033F5D1 /* HorizontalThemeCollectionView+Extension.swift in Sources */,
				76B61690297E400400925D73 /* CellImageDownloadCancelling.swift in Sources */,
				761F59B3297AE3B3005BE36B /* UIView+Extensions.swift in Sources */,
				760AFE68297D2C5900C757BD /* TypeAlias.swift in Sources */,
				7616148A297A4E72008CAE86 /* AppDelegate.swift in Sources */,
				761F59BA297AE866005BE36B /* AppealsView.swift in Sources */,
				76B6168E297E397A00925D73 /* Error+Extensions.swift in Sources */,
				76B6168C297E2E0A00925D73 /* IdentifiableImageView.swift in Sources */,
				761F59BE297BBDC7005BE36B /* UIColor+Extensions.swift in Sources */,
				761614C1297A5DDC008CAE86 /* URLSessionDataTaskProtocol.swift in Sources */,
				76B6168A297D86BA00925D73 /* HomeViewController+UICollectionView.swift in Sources */,
				761614BB297A5CE3008CAE86 /* NetworkService.swift in Sources */,
				760AFE66297D27B800C757BD /* CellItemReview.swift in Sources */,
				760AFE59297D0F1600C757BD /* CellItemsTransformer.swift in Sources */,
				761614DB297A8988008CAE86 /* Company.swift in Sources */,
				761614DD297A89B0008CAE86 /* Rating.swift in Sources */,
				7616148C297A4E72008CAE86 /* SceneDelegate.swift in Sources */,
				760AFE5E297D17BF00C757BD /* CellItem.swift in Sources */,
				761F59C0297BC1C0005BE36B /* PaddingLabel.swift in Sources */,
				761614D3297A7D24008CAE86 /* RecruitItem.swift in Sources */,
				760AFE62297D19BB00C757BD /* CellItemCompany.swift in Sources */,
				76465BB8297D504000415BAF /* Decodable+Extensions.swift in Sources */,
				760AFE64297D26F800C757BD /* CellItemHorizontalTheme.swift in Sources */,
				76E2D8D4297C3B440033F5D1 /* Int+Extensions.swift in Sources */,
				761614E7297AD6C4008CAE86 /* RecruitCollectionViewCell.swift in Sources */,
				761F59C5297BCC03005BE36B /* CompanyCollectionViewCell.swift in Sources */,
			);
			runOnlyForDeploymentPostprocessing = 0;
		};
		76161498297A4E73008CAE86 /* Sources */ = {
			isa = PBXSourcesBuildPhase;
			buildActionMask = 2147483647;
			files = (
				761614D0297A750C008CAE86 /* JobplanetFakeTests.swift in Sources */,
				761614C9297A6898008CAE86 /* JobplanetSlowTests.swift in Sources */,
				760AFE5B297D142900C757BD /* JobplanetCellItemsTransformerTests.swift in Sources */,
				76465BBA297D510C00415BAF /* MockData1_cell_JSONObjects.swift in Sources */,
				761614A1297A4E73008CAE86 /* JobplanetTests.swift in Sources */,
			);
			runOnlyForDeploymentPostprocessing = 0;
		};
		761614A2297A4E73008CAE86 /* Sources */ = {
			isa = PBXSourcesBuildPhase;
			buildActionMask = 2147483647;
			files = (
				761614AD297A4E73008CAE86 /* JobplanetUITestsLaunchTests.swift in Sources */,
				761614AB297A4E73008CAE86 /* JobplanetUITests.swift in Sources */,
			);
			runOnlyForDeploymentPostprocessing = 0;
		};
/* End PBXSourcesBuildPhase section */

/* Begin PBXTargetDependency section */
		7616149E297A4E73008CAE86 /* PBXTargetDependency */ = {
			isa = PBXTargetDependency;
			target = 76161485297A4E72008CAE86 /* Jobplanet */;
			targetProxy = 7616149D297A4E73008CAE86 /* PBXContainerItemProxy */;
		};
		761614A8297A4E73008CAE86 /* PBXTargetDependency */ = {
			isa = PBXTargetDependency;
			target = 76161485297A4E72008CAE86 /* Jobplanet */;
			targetProxy = 761614A7297A4E73008CAE86 /* PBXContainerItemProxy */;
		};
/* End PBXTargetDependency section */

/* Begin PBXVariantGroup section */
		7616148F297A4E72008CAE86 /* Main.storyboard */ = {
			isa = PBXVariantGroup;
			children = (
				76161490297A4E72008CAE86 /* Base */,
			);
			name = Main.storyboard;
			sourceTree = "<group>";
		};
		76161494297A4E73008CAE86 /* LaunchScreen.storyboard */ = {
			isa = PBXVariantGroup;
			children = (
				76161495297A4E73008CAE86 /* Base */,
			);
			name = LaunchScreen.storyboard;
			sourceTree = "<group>";
		};
/* End PBXVariantGroup section */

/* Begin XCBuildConfiguration section */
		761614AE297A4E73008CAE86 /* Debug */ = {
			isa = XCBuildConfiguration;
			buildSettings = {
				ALWAYS_SEARCH_USER_PATHS = NO;
				CLANG_ANALYZER_NONNULL = YES;
				CLANG_ANALYZER_NUMBER_OBJECT_CONVERSION = YES_AGGRESSIVE;
				CLANG_CXX_LANGUAGE_STANDARD = "gnu++20";
				CLANG_ENABLE_MODULES = YES;
				CLANG_ENABLE_OBJC_ARC = YES;
				CLANG_ENABLE_OBJC_WEAK = YES;
				CLANG_WARN_BLOCK_CAPTURE_AUTORELEASING = YES;
				CLANG_WARN_BOOL_CONVERSION = YES;
				CLANG_WARN_COMMA = YES;
				CLANG_WARN_CONSTANT_CONVERSION = YES;
				CLANG_WARN_DEPRECATED_OBJC_IMPLEMENTATIONS = YES;
				CLANG_WARN_DIRECT_OBJC_ISA_USAGE = YES_ERROR;
				CLANG_WARN_DOCUMENTATION_COMMENTS = YES;
				CLANG_WARN_EMPTY_BODY = YES;
				CLANG_WARN_ENUM_CONVERSION = YES;
				CLANG_WARN_INFINITE_RECURSION = YES;
				CLANG_WARN_INT_CONVERSION = YES;
				CLANG_WARN_NON_LITERAL_NULL_CONVERSION = YES;
				CLANG_WARN_OBJC_IMPLICIT_RETAIN_SELF = YES;
				CLANG_WARN_OBJC_LITERAL_CONVERSION = YES;
				CLANG_WARN_OBJC_ROOT_CLASS = YES_ERROR;
				CLANG_WARN_QUOTED_INCLUDE_IN_FRAMEWORK_HEADER = YES;
				CLANG_WARN_RANGE_LOOP_ANALYSIS = YES;
				CLANG_WARN_STRICT_PROTOTYPES = YES;
				CLANG_WARN_SUSPICIOUS_MOVE = YES;
				CLANG_WARN_UNGUARDED_AVAILABILITY = YES_AGGRESSIVE;
				CLANG_WARN_UNREACHABLE_CODE = YES;
				CLANG_WARN__DUPLICATE_METHOD_MATCH = YES;
				COPY_PHASE_STRIP = NO;
				DEBUG_INFORMATION_FORMAT = dwarf;
				ENABLE_STRICT_OBJC_MSGSEND = YES;
				ENABLE_TESTABILITY = YES;
				GCC_C_LANGUAGE_STANDARD = gnu11;
				GCC_DYNAMIC_NO_PIC = NO;
				GCC_NO_COMMON_BLOCKS = YES;
				GCC_OPTIMIZATION_LEVEL = 0;
				GCC_PREPROCESSOR_DEFINITIONS = (
					"DEBUG=1",
					"$(inherited)",
				);
				GCC_WARN_64_TO_32_BIT_CONVERSION = YES;
				GCC_WARN_ABOUT_RETURN_TYPE = YES_ERROR;
				GCC_WARN_UNDECLARED_SELECTOR = YES;
				GCC_WARN_UNINITIALIZED_AUTOS = YES_AGGRESSIVE;
				GCC_WARN_UNUSED_FUNCTION = YES;
				GCC_WARN_UNUSED_VARIABLE = YES;
				IPHONEOS_DEPLOYMENT_TARGET = 16.0;
				MTL_ENABLE_DEBUG_INFO = INCLUDE_SOURCE;
				MTL_FAST_MATH = YES;
				ONLY_ACTIVE_ARCH = YES;
				SDKROOT = iphoneos;
				SWIFT_ACTIVE_COMPILATION_CONDITIONS = DEBUG;
				SWIFT_OPTIMIZATION_LEVEL = "-Onone";
			};
			name = Debug;
		};
		761614AF297A4E73008CAE86 /* Release */ = {
			isa = XCBuildConfiguration;
			buildSettings = {
				ALWAYS_SEARCH_USER_PATHS = NO;
				CLANG_ANALYZER_NONNULL = YES;
				CLANG_ANALYZER_NUMBER_OBJECT_CONVERSION = YES_AGGRESSIVE;
				CLANG_CXX_LANGUAGE_STANDARD = "gnu++20";
				CLANG_ENABLE_MODULES = YES;
				CLANG_ENABLE_OBJC_ARC = YES;
				CLANG_ENABLE_OBJC_WEAK = YES;
				CLANG_WARN_BLOCK_CAPTURE_AUTORELEASING = YES;
				CLANG_WARN_BOOL_CONVERSION = YES;
				CLANG_WARN_COMMA = YES;
				CLANG_WARN_CONSTANT_CONVERSION = YES;
				CLANG_WARN_DEPRECATED_OBJC_IMPLEMENTATIONS = YES;
				CLANG_WARN_DIRECT_OBJC_ISA_USAGE = YES_ERROR;
				CLANG_WARN_DOCUMENTATION_COMMENTS = YES;
				CLANG_WARN_EMPTY_BODY = YES;
				CLANG_WARN_ENUM_CONVERSION = YES;
				CLANG_WARN_INFINITE_RECURSION = YES;
				CLANG_WARN_INT_CONVERSION = YES;
				CLANG_WARN_NON_LITERAL_NULL_CONVERSION = YES;
				CLANG_WARN_OBJC_IMPLICIT_RETAIN_SELF = YES;
				CLANG_WARN_OBJC_LITERAL_CONVERSION = YES;
				CLANG_WARN_OBJC_ROOT_CLASS = YES_ERROR;
				CLANG_WARN_QUOTED_INCLUDE_IN_FRAMEWORK_HEADER = YES;
				CLANG_WARN_RANGE_LOOP_ANALYSIS = YES;
				CLANG_WARN_STRICT_PROTOTYPES = YES;
				CLANG_WARN_SUSPICIOUS_MOVE = YES;
				CLANG_WARN_UNGUARDED_AVAILABILITY = YES_AGGRESSIVE;
				CLANG_WARN_UNREACHABLE_CODE = YES;
				CLANG_WARN__DUPLICATE_METHOD_MATCH = YES;
				COPY_PHASE_STRIP = NO;
				DEBUG_INFORMATION_FORMAT = "dwarf-with-dsym";
				ENABLE_NS_ASSERTIONS = NO;
				ENABLE_STRICT_OBJC_MSGSEND = YES;
				GCC_C_LANGUAGE_STANDARD = gnu11;
				GCC_NO_COMMON_BLOCKS = YES;
				GCC_WARN_64_TO_32_BIT_CONVERSION = YES;
				GCC_WARN_ABOUT_RETURN_TYPE = YES_ERROR;
				GCC_WARN_UNDECLARED_SELECTOR = YES;
				GCC_WARN_UNINITIALIZED_AUTOS = YES_AGGRESSIVE;
				GCC_WARN_UNUSED_FUNCTION = YES;
				GCC_WARN_UNUSED_VARIABLE = YES;
				IPHONEOS_DEPLOYMENT_TARGET = 16.0;
				MTL_ENABLE_DEBUG_INFO = NO;
				MTL_FAST_MATH = YES;
				SDKROOT = iphoneos;
				SWIFT_COMPILATION_MODE = wholemodule;
				SWIFT_OPTIMIZATION_LEVEL = "-O";
				VALIDATE_PRODUCT = YES;
			};
			name = Release;
		};
		761614B1297A4E73008CAE86 /* Debug */ = {
			isa = XCBuildConfiguration;
			baseConfigurationReference = 64F0CBB659D5E992379656AA /* Pods-Jobplanet.debug.xcconfig */;
			buildSettings = {
				ASSETCATALOG_COMPILER_APPICON_NAME = AppIcon;
				ASSETCATALOG_COMPILER_GLOBAL_ACCENT_COLOR_NAME = AccentColor;
				CODE_SIGN_STYLE = Automatic;
				CURRENT_PROJECT_VERSION = 1;
				DEVELOPMENT_TEAM = XH796T6N5H;
				GENERATE_INFOPLIST_FILE = YES;
				INFOPLIST_FILE = Jobplanet/Info.plist;
				INFOPLIST_KEY_UIApplicationSupportsIndirectInputEvents = YES;
				INFOPLIST_KEY_UILaunchStoryboardName = LaunchScreen;
				INFOPLIST_KEY_UIMainStoryboardFile = Main;
				INFOPLIST_KEY_UISupportedInterfaceOrientations_iPad = "UIInterfaceOrientationPortrait UIInterfaceOrientationPortraitUpsideDown UIInterfaceOrientationLandscapeLeft UIInterfaceOrientationLandscapeRight";
				INFOPLIST_KEY_UISupportedInterfaceOrientations_iPhone = "UIInterfaceOrientationPortrait UIInterfaceOrientationLandscapeLeft UIInterfaceOrientationLandscapeRight";
				IPHONEOS_DEPLOYMENT_TARGET = 15.0;
				LD_RUNPATH_SEARCH_PATHS = (
					"$(inherited)",
					"@executable_path/Frameworks",
				);
				MARKETING_VERSION = 1.0;
				PRODUCT_BUNDLE_IDENTIFIER = com.jin.Jobplanet;
				PRODUCT_NAME = "$(TARGET_NAME)";
				SWIFT_EMIT_LOC_STRINGS = YES;
				SWIFT_VERSION = 5.0;
				TARGETED_DEVICE_FAMILY = "1,2";
			};
			name = Debug;
		};
		761614B2297A4E73008CAE86 /* Release */ = {
			isa = XCBuildConfiguration;
			baseConfigurationReference = D6900E05B36EE79C29C3AE74 /* Pods-Jobplanet.release.xcconfig */;
			buildSettings = {
				ASSETCATALOG_COMPILER_APPICON_NAME = AppIcon;
				ASSETCATALOG_COMPILER_GLOBAL_ACCENT_COLOR_NAME = AccentColor;
				CODE_SIGN_STYLE = Automatic;
				CURRENT_PROJECT_VERSION = 1;
				DEVELOPMENT_TEAM = XH796T6N5H;
				GENERATE_INFOPLIST_FILE = YES;
				INFOPLIST_FILE = Jobplanet/Info.plist;
				INFOPLIST_KEY_UIApplicationSupportsIndirectInputEvents = YES;
				INFOPLIST_KEY_UILaunchStoryboardName = LaunchScreen;
				INFOPLIST_KEY_UIMainStoryboardFile = Main;
				INFOPLIST_KEY_UISupportedInterfaceOrientations_iPad = "UIInterfaceOrientationPortrait UIInterfaceOrientationPortraitUpsideDown UIInterfaceOrientationLandscapeLeft UIInterfaceOrientationLandscapeRight";
				INFOPLIST_KEY_UISupportedInterfaceOrientations_iPhone = "UIInterfaceOrientationPortrait UIInterfaceOrientationLandscapeLeft UIInterfaceOrientationLandscapeRight";
				IPHONEOS_DEPLOYMENT_TARGET = 15.0;
				LD_RUNPATH_SEARCH_PATHS = (
					"$(inherited)",
					"@executable_path/Frameworks",
				);
				MARKETING_VERSION = 1.0;
				PRODUCT_BUNDLE_IDENTIFIER = com.jin.Jobplanet;
				PRODUCT_NAME = "$(TARGET_NAME)";
				SWIFT_EMIT_LOC_STRINGS = YES;
				SWIFT_VERSION = 5.0;
				TARGETED_DEVICE_FAMILY = "1,2";
			};
			name = Release;
		};
		761614B4297A4E73008CAE86 /* Debug */ = {
			isa = XCBuildConfiguration;
			baseConfigurationReference = 45A15F56C44A3537D3A38677 /* Pods-JobplanetTests.debug.xcconfig */;
			buildSettings = {
				ALWAYS_EMBED_SWIFT_STANDARD_LIBRARIES = YES;
				BUNDLE_LOADER = "$(TEST_HOST)";
				CODE_SIGN_STYLE = Automatic;
				CURRENT_PROJECT_VERSION = 1;
				DEVELOPMENT_TEAM = XH796T6N5H;
				GENERATE_INFOPLIST_FILE = YES;
				IPHONEOS_DEPLOYMENT_TARGET = 16.0;
				MARKETING_VERSION = 1.0;
				PRODUCT_BUNDLE_IDENTIFIER = com.jin.JobplanetTests;
				PRODUCT_NAME = "$(TARGET_NAME)";
				SWIFT_EMIT_LOC_STRINGS = NO;
				SWIFT_VERSION = 5.0;
				TARGETED_DEVICE_FAMILY = "1,2";
				TEST_HOST = "$(BUILT_PRODUCTS_DIR)/Jobplanet.app/$(BUNDLE_EXECUTABLE_FOLDER_PATH)/Jobplanet";
			};
			name = Debug;
		};
		761614B5297A4E73008CAE86 /* Release */ = {
			isa = XCBuildConfiguration;
			baseConfigurationReference = 7133DD6E064764BBD34D7366 /* Pods-JobplanetTests.release.xcconfig */;
			buildSettings = {
				ALWAYS_EMBED_SWIFT_STANDARD_LIBRARIES = YES;
				BUNDLE_LOADER = "$(TEST_HOST)";
				CODE_SIGN_STYLE = Automatic;
				CURRENT_PROJECT_VERSION = 1;
				DEVELOPMENT_TEAM = XH796T6N5H;
				GENERATE_INFOPLIST_FILE = YES;
				IPHONEOS_DEPLOYMENT_TARGET = 16.0;
				MARKETING_VERSION = 1.0;
				PRODUCT_BUNDLE_IDENTIFIER = com.jin.JobplanetTests;
				PRODUCT_NAME = "$(TARGET_NAME)";
				SWIFT_EMIT_LOC_STRINGS = NO;
				SWIFT_VERSION = 5.0;
				TARGETED_DEVICE_FAMILY = "1,2";
				TEST_HOST = "$(BUILT_PRODUCTS_DIR)/Jobplanet.app/$(BUNDLE_EXECUTABLE_FOLDER_PATH)/Jobplanet";
			};
			name = Release;
		};
		761614B7297A4E73008CAE86 /* Debug */ = {
			isa = XCBuildConfiguration;
			baseConfigurationReference = A51037131678DCEBA6B83339 /* Pods-Jobplanet-JobplanetUITests.debug.xcconfig */;
			buildSettings = {
				ALWAYS_EMBED_SWIFT_STANDARD_LIBRARIES = YES;
				CODE_SIGN_STYLE = Automatic;
				CURRENT_PROJECT_VERSION = 1;
				DEVELOPMENT_TEAM = XH796T6N5H;
				GENERATE_INFOPLIST_FILE = YES;
				MARKETING_VERSION = 1.0;
				PRODUCT_BUNDLE_IDENTIFIER = com.jin.JobplanetUITests;
				PRODUCT_NAME = "$(TARGET_NAME)";
				SWIFT_EMIT_LOC_STRINGS = NO;
				SWIFT_VERSION = 5.0;
				TARGETED_DEVICE_FAMILY = "1,2";
				TEST_TARGET_NAME = Jobplanet;
			};
			name = Debug;
		};
		761614B8297A4E73008CAE86 /* Release */ = {
			isa = XCBuildConfiguration;
			baseConfigurationReference = 06B82D7299E644FA9174AF5C /* Pods-Jobplanet-JobplanetUITests.release.xcconfig */;
			buildSettings = {
				ALWAYS_EMBED_SWIFT_STANDARD_LIBRARIES = YES;
				CODE_SIGN_STYLE = Automatic;
				CURRENT_PROJECT_VERSION = 1;
				DEVELOPMENT_TEAM = XH796T6N5H;
				GENERATE_INFOPLIST_FILE = YES;
				MARKETING_VERSION = 1.0;
				PRODUCT_BUNDLE_IDENTIFIER = com.jin.JobplanetUITests;
				PRODUCT_NAME = "$(TARGET_NAME)";
				SWIFT_EMIT_LOC_STRINGS = NO;
				SWIFT_VERSION = 5.0;
				TARGETED_DEVICE_FAMILY = "1,2";
				TEST_TARGET_NAME = Jobplanet;
			};
			name = Release;
		};
/* End XCBuildConfiguration section */

/* Begin XCConfigurationList section */
		76161481297A4E72008CAE86 /* Build configuration list for PBXProject "Jobplanet" */ = {
			isa = XCConfigurationList;
			buildConfigurations = (
				761614AE297A4E73008CAE86 /* Debug */,
				761614AF297A4E73008CAE86 /* Release */,
			);
			defaultConfigurationIsVisible = 0;
			defaultConfigurationName = Release;
		};
		761614B0297A4E73008CAE86 /* Build configuration list for PBXNativeTarget "Jobplanet" */ = {
			isa = XCConfigurationList;
			buildConfigurations = (
				761614B1297A4E73008CAE86 /* Debug */,
				761614B2297A4E73008CAE86 /* Release */,
			);
			defaultConfigurationIsVisible = 0;
			defaultConfigurationName = Release;
		};
		761614B3297A4E73008CAE86 /* Build configuration list for PBXNativeTarget "JobplanetTests" */ = {
			isa = XCConfigurationList;
			buildConfigurations = (
				761614B4297A4E73008CAE86 /* Debug */,
				761614B5297A4E73008CAE86 /* Release */,
			);
			defaultConfigurationIsVisible = 0;
			defaultConfigurationName = Release;
		};
		761614B6297A4E73008CAE86 /* Build configuration list for PBXNativeTarget "JobplanetUITests" */ = {
			isa = XCConfigurationList;
			buildConfigurations = (
				761614B7297A4E73008CAE86 /* Debug */,
				761614B8297A4E73008CAE86 /* Release */,
			);
			defaultConfigurationIsVisible = 0;
			defaultConfigurationName = Release;
		};
/* End XCConfigurationList section */
	};
	rootObject = 7616147E297A4E72008CAE86 /* Project object */;
}
